Microsoft Visual Studio Solution File, Format Version 12.00
# Visual Studio Version 17
VisualStudioVersion = 17.5.2.0
MinimumVisualStudioVersion = 10.0.40219.1
Project("{FAE04EC0-301F-11D3-BF4B-00C04F79EFBC}") = "YJTBackend", "YJTBackend\YJTBackend.csproj", "{D8BAEE3B-ADC0-9052-F1B1-368E0EAA970C}"
EndProject
Global
	GlobalSection(SolutionConfigurationPlatforms) = preSolution
		Debug|Any CPU = Debug|Any CPU
		Release|Any CPU = Release|Any CPU
	EndGlobalSection
	GlobalSection(ProjectConfigurationPlatforms) = postSolution
		{D8BAEE3B-ADC0-9052-F1B1-368E0EAA970C}.Debug|Any CPU.ActiveCfg = Debug|Any CPU
		{D8BAEE3B-ADC0-9052-F1B1-368E0EAA970C}.Debug|Any CPU.Build.0 = Debug|Any CPU
		{D8BAEE3B-ADC0-9052-F1B1-368E0EAA970C}.Release|Any CPU.ActiveCfg = Release|Any CPU
		{D8BAEE3B-ADC0-9052-F1B1-368E0EAA970C}.Release|Any CPU.Build.0 = Release|Any CPU
	EndGlobalSection
	GlobalSection(SolutionProperties) = preSolution
		HideSolutionNode = FALSE
	EndGlobalSection
	GlobalSection(ExtensibilityGlobals) = postSolution
		SolutionGuid = {5ACB9F99-35B1-4182-B602-5C7C4D78E88D}
	EndGlobalSection
EndGlobal
